// !$*UTF8*$!
{
	archiveVersion = 1;
	classes = {
	};
	objectVersion = 48;
	objects = {

/* Begin PBXBuildFile section */
		4D161F411F228123002573EF /* HTMLEncodeEntitiesTests.swift in Sources */ = {isa = PBXBuildFile; fileRef = 4D161F401F228123002573EF /* HTMLEncodeEntitiesTests.swift */; };
		4D3D6DB11F3EDEFA00EE40CB /* HTMLSAXParser.swift in Sources */ = {isa = PBXBuildFile; fileRef = 4DDF8C3B1F211F01008C2135 /* HTMLSAXParser.swift */; };
		4D3D6DB21F3EDF0100EE40CB /* HTMLParserHandlers.h in Headers */ = {isa = PBXBuildFile; fileRef = 4D77F7351F2EFEB100C29ECC /* HTMLParserHandlers.h */; };
		4D3D6DB31F3EDF0500EE40CB /* HTMLParserHandlers.c in Sources */ = {isa = PBXBuildFile; fileRef = 4D77F7341F2EFEB100C29ECC /* HTMLParserHandlers.c */; };
		4D3D6DB41F3EDF0800EE40CB /* HTMLSAXParser+libxml2.swift in Sources */ = {isa = PBXBuildFile; fileRef = 4D9BB2241F215C5C0010D5A8 /* HTMLSAXParser+libxml2.swift */; };
		4D3D6DB51F3EDF0A00EE40CB /* EscapeSpecialCharacters.swift in Sources */ = {isa = PBXBuildFile; fileRef = 4D80C5571F21C84600E2F340 /* EscapeSpecialCharacters.swift */; };
		4D77F7361F2EFEB100C29ECC /* HTMLParserHandlers.c in Sources */ = {isa = PBXBuildFile; fileRef = 4D77F7341F2EFEB100C29ECC /* HTMLParserHandlers.c */; };
		4D77F7371F2EFEB100C29ECC /* HTMLParserHandlers.h in Headers */ = {isa = PBXBuildFile; fileRef = 4D77F7351F2EFEB100C29ECC /* HTMLParserHandlers.h */; };
		4D7F1DA51F3EED470080660A /* HTMLSAXParser.h in Headers */ = {isa = PBXBuildFile; fileRef = 4DDF8C241F211E2E008C2135 /* HTMLSAXParser.h */; settings = {ATTRIBUTES = (Public, ); }; };
		4D7F1DA71F3EED5B0080660A /* HTMLSAXParser.swift in Sources */ = {isa = PBXBuildFile; fileRef = 4DDF8C3B1F211F01008C2135 /* HTMLSAXParser.swift */; };
		4D7F1DA81F3EED5E0080660A /* HTMLParserHandlers.h in Headers */ = {isa = PBXBuildFile; fileRef = 4D77F7351F2EFEB100C29ECC /* HTMLParserHandlers.h */; };
		4D7F1DA91F3EED640080660A /* HTMLParserHandlers.c in Sources */ = {isa = PBXBuildFile; fileRef = 4D77F7341F2EFEB100C29ECC /* HTMLParserHandlers.c */; };
		4D7F1DAA1F3EED670080660A /* HTMLSAXParser+libxml2.swift in Sources */ = {isa = PBXBuildFile; fileRef = 4D9BB2241F215C5C0010D5A8 /* HTMLSAXParser+libxml2.swift */; };
		4D7F1DAB1F3EED6B0080660A /* EscapeSpecialCharacters.swift in Sources */ = {isa = PBXBuildFile; fileRef = 4D80C5571F21C84600E2F340 /* EscapeSpecialCharacters.swift */; };
		4D7F1DAD1F3EF59D0080660A /* article_with_images.html in Resources */ = {isa = PBXBuildFile; fileRef = 4D7F1DAC1F3EF5540080660A /* article_with_images.html */; };
		4D7F1DB21F40493B0080660A /* HTMLSAXParser.h in Headers */ = {isa = PBXBuildFile; fileRef = 4DDF8C241F211E2E008C2135 /* HTMLSAXParser.h */; settings = {ATTRIBUTES = (Public, ); }; };
		4D80C5581F21C84600E2F340 /* EscapeSpecialCharacters.swift in Sources */ = {isa = PBXBuildFile; fileRef = 4D80C5571F21C84600E2F340 /* EscapeSpecialCharacters.swift */; };
		4D9286BB1F3516F1001A16FC /* test_uft8.html in Resources */ = {isa = PBXBuildFile; fileRef = 4D9286BA1F3516E6001A16FC /* test_uft8.html */; };
		4D9286BC1F3516F4001A16FC /* test_uft16le.html in Resources */ = {isa = PBXBuildFile; fileRef = 4D9286B91F3516E6001A16FC /* test_uft16le.html */; };
		4D9BB2251F215C5C0010D5A8 /* HTMLSAXParser+libxml2.swift in Sources */ = {isa = PBXBuildFile; fileRef = 4D9BB2241F215C5C0010D5A8 /* HTMLSAXParser+libxml2.swift */; };
		4D9BB22D1F2160450010D5A8 /* AppDelegate.swift in Sources */ = {isa = PBXBuildFile; fileRef = 4D9BB22C1F2160450010D5A8 /* AppDelegate.swift */; };
		4D9BB22F1F2160450010D5A8 /* ViewController.swift in Sources */ = {isa = PBXBuildFile; fileRef = 4D9BB22E1F2160450010D5A8 /* ViewController.swift */; };
		4D9BB2321F2160450010D5A8 /* Main.storyboard in Resources */ = {isa = PBXBuildFile; fileRef = 4D9BB2301F2160450010D5A8 /* Main.storyboard */; };
		4D9BB2341F2160450010D5A8 /* Assets.xcassets in Resources */ = {isa = PBXBuildFile; fileRef = 4D9BB2331F2160450010D5A8 /* Assets.xcassets */; };
		4D9BB2371F2160450010D5A8 /* LaunchScreen.storyboard in Resources */ = {isa = PBXBuildFile; fileRef = 4D9BB2351F2160450010D5A8 /* LaunchScreen.storyboard */; };
		4D9BB23C1F21605E0010D5A8 /* HTMLSAXParser.framework in Frameworks */ = {isa = PBXBuildFile; fileRef = 4DDF8C211F211E2D008C2135 /* HTMLSAXParser.framework */; };
		4D9BB23D1F21605E0010D5A8 /* HTMLSAXParser.framework in Embed Frameworks */ = {isa = PBXBuildFile; fileRef = 4DDF8C211F211E2D008C2135 /* HTMLSAXParser.framework */; settings = {ATTRIBUTES = (CodeSignOnCopy, RemoveHeadersOnCopy, ); }; };
		4DDF8C2B1F211E2E008C2135 /* HTMLSAXParser.framework in Frameworks */ = {isa = PBXBuildFile; fileRef = 4DDF8C211F211E2D008C2135 /* HTMLSAXParser.framework */; };
		4DDF8C301F211E2E008C2135 /* HTMLParserTests.swift in Sources */ = {isa = PBXBuildFile; fileRef = 4DDF8C2F1F211E2E008C2135 /* HTMLParserTests.swift */; };
		4DDF8C321F211E2E008C2135 /* HTMLSAXParser.h in Headers */ = {isa = PBXBuildFile; fileRef = 4DDF8C241F211E2E008C2135 /* HTMLSAXParser.h */; settings = {ATTRIBUTES = (Public, ); }; };
		4DDF8C3C1F211F01008C2135 /* HTMLSAXParser.swift in Sources */ = {isa = PBXBuildFile; fileRef = 4DDF8C3B1F211F01008C2135 /* HTMLSAXParser.swift */; };
/* End PBXBuildFile section */

/* Begin PBXContainerItemProxy section */
		4D9BB23E1F21605E0010D5A8 /* PBXContainerItemProxy */ = {
			isa = PBXContainerItemProxy;
			containerPortal = 4DDF8C181F211E2D008C2135 /* Project object */;
			proxyType = 1;
			remoteGlobalIDString = 4DDF8C201F211E2D008C2135;
			remoteInfo = HTMLParser;
		};
		4DDF8C2C1F211E2E008C2135 /* PBXContainerItemProxy */ = {
			isa = PBXContainerItemProxy;
			containerPortal = 4DDF8C181F211E2D008C2135 /* Project object */;
			proxyType = 1;
			remoteGlobalIDString = 4DDF8C201F211E2D008C2135;
			remoteInfo = HTMLParser;
		};
/* End PBXContainerItemProxy section */

/* Begin PBXCopyFilesBuildPhase section */
		4D9BB2401F21605E0010D5A8 /* Embed Frameworks */ = {
			isa = PBXCopyFilesBuildPhase;
			buildActionMask = 2147483647;
			dstPath = "";
			dstSubfolderSpec = 10;
			files = (
				4D9BB23D1F21605E0010D5A8 /* HTMLSAXParser.framework in Embed Frameworks */,
			);
			name = "Embed Frameworks";
			runOnlyForDeploymentPostprocessing = 0;
		};
/* End PBXCopyFilesBuildPhase section */

/* Begin PBXFileReference section */
		4D161F401F228123002573EF /* HTMLEncodeEntitiesTests.swift */ = {isa = PBXFileReference; lastKnownFileType = sourcecode.swift; path = HTMLEncodeEntitiesTests.swift; sourceTree = "<group>"; };
		4D3D6DA91F3EDEDA00EE40CB /* HTMLSAXParser.framework */ = {isa = PBXFileReference; explicitFileType = wrapper.framework; includeInIndex = 0; path = HTMLSAXParser.framework; sourceTree = BUILT_PRODUCTS_DIR; };
		4D3D6DB71F3EE05500EE40CB /* Info_MacOS.plist */ = {isa = PBXFileReference; lastKnownFileType = text.plist.xml; path = Info_MacOS.plist; sourceTree = "<group>"; };
		4D77F7341F2EFEB100C29ECC /* HTMLParserHandlers.c */ = {isa = PBXFileReference; lastKnownFileType = sourcecode.c.c; path = HTMLParserHandlers.c; sourceTree = "<group>"; };
		4D77F7351F2EFEB100C29ECC /* HTMLParserHandlers.h */ = {isa = PBXFileReference; lastKnownFileType = sourcecode.c.h; path = HTMLParserHandlers.h; sourceTree = "<group>"; };
		4D7F1D9D1F3EEC790080660A /* HTMLSAXParser.framework */ = {isa = PBXFileReference; explicitFileType = wrapper.framework; includeInIndex = 0; path = HTMLSAXParser.framework; sourceTree = BUILT_PRODUCTS_DIR; };
		4D7F1DA61F3EED560080660A /* Info_AppleTV.plist */ = {isa = PBXFileReference; lastKnownFileType = text.plist.xml; path = Info_AppleTV.plist; sourceTree = "<group>"; };
		4D7F1DAC1F3EF5540080660A /* article_with_images.html */ = {isa = PBXFileReference; lastKnownFileType = text.html; name = article_with_images.html; path = HTMLSAXParserTests/testdata/article_with_images.html; sourceTree = SOURCE_ROOT; };
		4D80C5571F21C84600E2F340 /* EscapeSpecialCharacters.swift */ = {isa = PBXFileReference; lastKnownFileType = sourcecode.swift; path = EscapeSpecialCharacters.swift; sourceTree = "<group>"; };
		4D9286B91F3516E6001A16FC /* test_uft16le.html */ = {isa = PBXFileReference; lastKnownFileType = text.html; name = test_uft16le.html; path = HTMLSAXParserTests/testdata/test_uft16le.html; sourceTree = SOURCE_ROOT; };
		4D9286BA1F3516E6001A16FC /* test_uft8.html */ = {isa = PBXFileReference; lastKnownFileType = text.html; name = test_uft8.html; path = HTMLSAXParserTests/testdata/test_uft8.html; sourceTree = SOURCE_ROOT; };
		4D9BB2241F215C5C0010D5A8 /* HTMLSAXParser+libxml2.swift */ = {isa = PBXFileReference; lastKnownFileType = sourcecode.swift; path = "HTMLSAXParser+libxml2.swift"; sourceTree = "<group>"; };
		4D9BB22A1F2160450010D5A8 /* HTMLParserDemo.app */ = {isa = PBXFileReference; explicitFileType = wrapper.application; includeInIndex = 0; path = HTMLParserDemo.app; sourceTree = BUILT_PRODUCTS_DIR; };
		4D9BB22C1F2160450010D5A8 /* AppDelegate.swift */ = {isa = PBXFileReference; lastKnownFileType = sourcecode.swift; path = AppDelegate.swift; sourceTree = "<group>"; };
		4D9BB22E1F2160450010D5A8 /* ViewController.swift */ = {isa = PBXFileReference; lastKnownFileType = sourcecode.swift; path = ViewController.swift; sourceTree = "<group>"; };
		4D9BB2311F2160450010D5A8 /* Base */ = {isa = PBXFileReference; lastKnownFileType = file.storyboard; name = Base; path = Base.lproj/Main.storyboard; sourceTree = "<group>"; };
		4D9BB2331F2160450010D5A8 /* Assets.xcassets */ = {isa = PBXFileReference; lastKnownFileType = folder.assetcatalog; path = Assets.xcassets; sourceTree = "<group>"; };
		4D9BB2361F2160450010D5A8 /* Base */ = {isa = PBXFileReference; lastKnownFileType = file.storyboard; name = Base; path = Base.lproj/LaunchScreen.storyboard; sourceTree = "<group>"; };
		4D9BB2381F2160450010D5A8 /* Info.plist */ = {isa = PBXFileReference; lastKnownFileType = text.plist.xml; path = Info.plist; sourceTree = "<group>"; };
		4DDF8C211F211E2D008C2135 /* HTMLSAXParser.framework */ = {isa = PBXFileReference; explicitFileType = wrapper.framework; includeInIndex = 0; path = HTMLSAXParser.framework; sourceTree = BUILT_PRODUCTS_DIR; };
		4DDF8C241F211E2E008C2135 /* HTMLSAXParser.h */ = {isa = PBXFileReference; lastKnownFileType = sourcecode.c.h; path = HTMLSAXParser.h; sourceTree = "<group>"; };
		4DDF8C251F211E2E008C2135 /* Info_iOS.plist */ = {isa = PBXFileReference; lastKnownFileType = text.plist.xml; path = Info_iOS.plist; sourceTree = "<group>"; };
		4DDF8C2A1F211E2E008C2135 /* HTMLSAXParserTests.xctest */ = {isa = PBXFileReference; explicitFileType = wrapper.cfbundle; includeInIndex = 0; path = HTMLSAXParserTests.xctest; sourceTree = BUILT_PRODUCTS_DIR; };
		4DDF8C2F1F211E2E008C2135 /* HTMLParserTests.swift */ = {isa = PBXFileReference; lastKnownFileType = sourcecode.swift; path = HTMLParserTests.swift; sourceTree = "<group>"; };
		4DDF8C311F211E2E008C2135 /* Info.plist */ = {isa = PBXFileReference; lastKnownFileType = text.plist.xml; path = Info.plist; sourceTree = "<group>"; };
		4DDF8C3B1F211F01008C2135 /* HTMLSAXParser.swift */ = {isa = PBXFileReference; lastKnownFileType = sourcecode.swift; path = HTMLSAXParser.swift; sourceTree = "<group>"; };
/* End PBXFileReference section */

/* Begin PBXFrameworksBuildPhase section */
		4D3D6DA51F3EDEDA00EE40CB /* Frameworks */ = {
			isa = PBXFrameworksBuildPhase;
			buildActionMask = 2147483647;
			files = (
			);
			runOnlyForDeploymentPostprocessing = 0;
		};
		4D7F1D991F3EEC790080660A /* Frameworks */ = {
			isa = PBXFrameworksBuildPhase;
			buildActionMask = 2147483647;
			files = (
			);
			runOnlyForDeploymentPostprocessing = 0;
		};
		4D9BB2271F2160450010D5A8 /* Frameworks */ = {
			isa = PBXFrameworksBuildPhase;
			buildActionMask = 2147483647;
			files = (
				4D9BB23C1F21605E0010D5A8 /* HTMLSAXParser.framework in Frameworks */,
			);
			runOnlyForDeploymentPostprocessing = 0;
		};
		4DDF8C1D1F211E2D008C2135 /* Frameworks */ = {
			isa = PBXFrameworksBuildPhase;
			buildActionMask = 2147483647;
			files = (
			);
			runOnlyForDeploymentPostprocessing = 0;
		};
		4DDF8C271F211E2E008C2135 /* Frameworks */ = {
			isa = PBXFrameworksBuildPhase;
			buildActionMask = 2147483647;
			files = (
				4DDF8C2B1F211E2E008C2135 /* HTMLSAXParser.framework in Frameworks */,
			);
			runOnlyForDeploymentPostprocessing = 0;
		};
/* End PBXFrameworksBuildPhase section */

/* Begin PBXGroup section */
		4D9286B81F3516C3001A16FC /* testdata */ = {
			isa = PBXGroup;
			children = (
				4D9286BA1F3516E6001A16FC /* test_uft8.html */,
				4D9286B91F3516E6001A16FC /* test_uft16le.html */,
				4D7F1DAC1F3EF5540080660A /* article_with_images.html */,
			);
			name = testdata;
			path = "New Group";
			sourceTree = "<group>";
		};
		4D9BB22B1F2160450010D5A8 /* HTMLParserDemo */ = {
			isa = PBXGroup;
			children = (
				4D9BB22C1F2160450010D5A8 /* AppDelegate.swift */,
				4D9BB22E1F2160450010D5A8 /* ViewController.swift */,
				4D9BB2301F2160450010D5A8 /* Main.storyboard */,
				4D9BB2331F2160450010D5A8 /* Assets.xcassets */,
				4D9BB2351F2160450010D5A8 /* LaunchScreen.storyboard */,
				4D9BB2381F2160450010D5A8 /* Info.plist */,
			);
			path = HTMLParserDemo;
			sourceTree = "<group>";
		};
		4DDF8C171F211E2D008C2135 = {
			isa = PBXGroup;
			children = (
				4DDF8C231F211E2D008C2135 /* HTMLSAXParser */,
				4DDF8C2E1F211E2E008C2135 /* HTMLSAXParserTests */,
				4D9BB22B1F2160450010D5A8 /* HTMLParserDemo */,
				4DDF8C221F211E2D008C2135 /* Products */,
			);
			sourceTree = "<group>";
		};
		4DDF8C221F211E2D008C2135 /* Products */ = {
			isa = PBXGroup;
			children = (
				4DDF8C211F211E2D008C2135 /* HTMLSAXParser.framework */,
				4DDF8C2A1F211E2E008C2135 /* HTMLSAXParserTests.xctest */,
				4D9BB22A1F2160450010D5A8 /* HTMLParserDemo.app */,
				4D3D6DA91F3EDEDA00EE40CB /* HTMLSAXParser.framework */,
				4D7F1D9D1F3EEC790080660A /* HTMLSAXParser.framework */,
			);
			name = Products;
			sourceTree = "<group>";
		};
		4DDF8C231F211E2D008C2135 /* HTMLSAXParser */ = {
			isa = PBXGroup;
			children = (
				4DDF8C241F211E2E008C2135 /* HTMLSAXParser.h */,
				4DDF8C251F211E2E008C2135 /* Info_iOS.plist */,
				4D3D6DB71F3EE05500EE40CB /* Info_MacOS.plist */,
				4D7F1DA61F3EED560080660A /* Info_AppleTV.plist */,
				4DDF8C3B1F211F01008C2135 /* HTMLSAXParser.swift */,
				4D77F7351F2EFEB100C29ECC /* HTMLParserHandlers.h */,
				4D77F7341F2EFEB100C29ECC /* HTMLParserHandlers.c */,
				4D9BB2241F215C5C0010D5A8 /* HTMLSAXParser+libxml2.swift */,
				4D80C5571F21C84600E2F340 /* EscapeSpecialCharacters.swift */,
			);
			path = HTMLSAXParser;
			sourceTree = "<group>";
		};
		4DDF8C2E1F211E2E008C2135 /* HTMLSAXParserTests */ = {
			isa = PBXGroup;
			children = (
				4D9286B81F3516C3001A16FC /* testdata */,
				4DDF8C2F1F211E2E008C2135 /* HTMLParserTests.swift */,
				4DDF8C311F211E2E008C2135 /* Info.plist */,
				4D161F401F228123002573EF /* HTMLEncodeEntitiesTests.swift */,
			);
			path = HTMLSAXParserTests;
			sourceTree = "<group>";
		};
/* End PBXGroup section */

/* Begin PBXHeadersBuildPhase section */
		4D3D6DA61F3EDEDA00EE40CB /* Headers */ = {
			isa = PBXHeadersBuildPhase;
			buildActionMask = 2147483647;
			files = (
				4D3D6DB21F3EDF0100EE40CB /* HTMLParserHandlers.h in Headers */,
				4D7F1DB21F40493B0080660A /* HTMLSAXParser.h in Headers */,
			);
			runOnlyForDeploymentPostprocessing = 0;
		};
		4D7F1D9A1F3EEC790080660A /* Headers */ = {
			isa = PBXHeadersBuildPhase;
			buildActionMask = 2147483647;
			files = (
				4D7F1DA51F3EED470080660A /* HTMLSAXParser.h in Headers */,
				4D7F1DA81F3EED5E0080660A /* HTMLParserHandlers.h in Headers */,
			);
			runOnlyForDeploymentPostprocessing = 0;
		};
		4DDF8C1E1F211E2D008C2135 /* Headers */ = {
			isa = PBXHeadersBuildPhase;
			buildActionMask = 2147483647;
			files = (
				4DDF8C321F211E2E008C2135 /* HTMLSAXParser.h in Headers */,
				4D77F7371F2EFEB100C29ECC /* HTMLParserHandlers.h in Headers */,
			);
			runOnlyForDeploymentPostprocessing = 0;
		};
/* End PBXHeadersBuildPhase section */

/* Begin PBXNativeTarget section */
		4D3D6DA81F3EDEDA00EE40CB /* HTMLSAXParser MacOS */ = {
			isa = PBXNativeTarget;
			buildConfigurationList = 4D3D6DAE1F3EDEDA00EE40CB /* Build configuration list for PBXNativeTarget "HTMLSAXParser MacOS" */;
			buildPhases = (
				4D3D6DA41F3EDEDA00EE40CB /* Sources */,
				4D3D6DA51F3EDEDA00EE40CB /* Frameworks */,
				4D3D6DA61F3EDEDA00EE40CB /* Headers */,
				4D3D6DA71F3EDEDA00EE40CB /* Resources */,
			);
			buildRules = (
			);
			dependencies = (
			);
			name = "HTMLSAXParser MacOS";
			productName = "HTMLSAXParser MacOS";
			productReference = 4D3D6DA91F3EDEDA00EE40CB /* HTMLSAXParser.framework */;
			productType = "com.apple.product-type.framework";
		};
		4D7F1D9C1F3EEC790080660A /* HTMLSAXParser AppleTV */ = {
			isa = PBXNativeTarget;
			buildConfigurationList = 4D7F1DA21F3EEC790080660A /* Build configuration list for PBXNativeTarget "HTMLSAXParser AppleTV" */;
			buildPhases = (
				4D7F1D981F3EEC790080660A /* Sources */,
				4D7F1D991F3EEC790080660A /* Frameworks */,
				4D7F1D9A1F3EEC790080660A /* Headers */,
				4D7F1D9B1F3EEC790080660A /* Resources */,
			);
			buildRules = (
			);
			dependencies = (
			);
			name = "HTMLSAXParser AppleTV";
			productName = HTMLSAXParser;
			productReference = 4D7F1D9D1F3EEC790080660A /* HTMLSAXParser.framework */;
			productType = "com.apple.product-type.framework";
		};
		4D9BB2291F2160450010D5A8 /* HTMLParserDemo */ = {
			isa = PBXNativeTarget;
			buildConfigurationList = 4D9BB2391F2160450010D5A8 /* Build configuration list for PBXNativeTarget "HTMLParserDemo" */;
			buildPhases = (
				4D9BB2261F2160450010D5A8 /* Sources */,
				4D9BB2271F2160450010D5A8 /* Frameworks */,
				4D9BB2281F2160450010D5A8 /* Resources */,
				4D9BB2401F21605E0010D5A8 /* Embed Frameworks */,
			);
			buildRules = (
			);
			dependencies = (
				4D9BB23F1F21605E0010D5A8 /* PBXTargetDependency */,
			);
			name = HTMLParserDemo;
			productName = HTMLParserDemo;
			productReference = 4D9BB22A1F2160450010D5A8 /* HTMLParserDemo.app */;
			productType = "com.apple.product-type.application";
		};
		4DDF8C201F211E2D008C2135 /* HTMLSAXParser iOS */ = {
			isa = PBXNativeTarget;
			buildConfigurationList = 4DDF8C351F211E2E008C2135 /* Build configuration list for PBXNativeTarget "HTMLSAXParser iOS" */;
			buildPhases = (
				4DDF8C1C1F211E2D008C2135 /* Sources */,
				4DDF8C1D1F211E2D008C2135 /* Frameworks */,
				4DDF8C1E1F211E2D008C2135 /* Headers */,
				4DDF8C1F1F211E2D008C2135 /* Resources */,
			);
			buildRules = (
			);
			dependencies = (
			);
			name = "HTMLSAXParser iOS";
			productName = HTMLParser;
			productReference = 4DDF8C211F211E2D008C2135 /* HTMLSAXParser.framework */;
			productType = "com.apple.product-type.framework";
		};
		4DDF8C291F211E2E008C2135 /* HTMLSAXParserTests */ = {
			isa = PBXNativeTarget;
			buildConfigurationList = 4DDF8C381F211E2E008C2135 /* Build configuration list for PBXNativeTarget "HTMLSAXParserTests" */;
			buildPhases = (
				4DDF8C261F211E2E008C2135 /* Sources */,
				4DDF8C271F211E2E008C2135 /* Frameworks */,
				4DDF8C281F211E2E008C2135 /* Resources */,
			);
			buildRules = (
			);
			dependencies = (
				4DDF8C2D1F211E2E008C2135 /* PBXTargetDependency */,
			);
			name = HTMLSAXParserTests;
			productName = HTMLParserTests;
			productReference = 4DDF8C2A1F211E2E008C2135 /* HTMLSAXParserTests.xctest */;
			productType = "com.apple.product-type.bundle.unit-test";
		};
/* End PBXNativeTarget section */

/* Begin PBXProject section */
		4DDF8C181F211E2D008C2135 /* Project object */ = {
			isa = PBXProject;
			attributes = {
				LastSwiftUpdateCheck = 0900;
				LastUpgradeCheck = 0900;
				ORGANIZATIONNAME = "Raymond Mccrae";
				TargetAttributes = {
					4D3D6DA81F3EDEDA00EE40CB = {
						CreatedOnToolsVersion = 9.0;
					};
					4D7F1D9C1F3EEC790080660A = {
						CreatedOnToolsVersion = 9.0;
					};
					4D9BB2291F2160450010D5A8 = {
						CreatedOnToolsVersion = 9.0;
					};
					4DDF8C201F211E2D008C2135 = {
						CreatedOnToolsVersion = 9.0;
						LastSwiftMigration = 0900;
					};
					4DDF8C291F211E2E008C2135 = {
						CreatedOnToolsVersion = 9.0;
					};
				};
			};
			buildConfigurationList = 4DDF8C1B1F211E2D008C2135 /* Build configuration list for PBXProject "HTMLSAXParser" */;
			compatibilityVersion = "Xcode 8.0";
			developmentRegion = en;
			hasScannedForEncodings = 0;
			knownRegions = (
				en,
				Base,
			);
			mainGroup = 4DDF8C171F211E2D008C2135;
			productRefGroup = 4DDF8C221F211E2D008C2135 /* Products */;
			projectDirPath = "";
			projectRoot = "";
			targets = (
				4DDF8C201F211E2D008C2135 /* HTMLSAXParser iOS */,
				4D3D6DA81F3EDEDA00EE40CB /* HTMLSAXParser MacOS */,
				4D7F1D9C1F3EEC790080660A /* HTMLSAXParser AppleTV */,
				4DDF8C291F211E2E008C2135 /* HTMLSAXParserTests */,
				4D9BB2291F2160450010D5A8 /* HTMLParserDemo */,
			);
		};
/* End PBXProject section */

/* Begin PBXResourcesBuildPhase section */
		4D3D6DA71F3EDEDA00EE40CB /* Resources */ = {
			isa = PBXResourcesBuildPhase;
			buildActionMask = 2147483647;
			files = (
			);
			runOnlyForDeploymentPostprocessing = 0;
		};
		4D7F1D9B1F3EEC790080660A /* Resources */ = {
			isa = PBXResourcesBuildPhase;
			buildActionMask = 2147483647;
			files = (
			);
			runOnlyForDeploymentPostprocessing = 0;
		};
		4D9BB2281F2160450010D5A8 /* Resources */ = {
			isa = PBXResourcesBuildPhase;
			buildActionMask = 2147483647;
			files = (
				4D9BB2371F2160450010D5A8 /* LaunchScreen.storyboard in Resources */,
				4D9BB2341F2160450010D5A8 /* Assets.xcassets in Resources */,
				4D9BB2321F2160450010D5A8 /* Main.storyboard in Resources */,
			);
			runOnlyForDeploymentPostprocessing = 0;
		};
		4DDF8C1F1F211E2D008C2135 /* Resources */ = {
			isa = PBXResourcesBuildPhase;
			buildActionMask = 2147483647;
			files = (
			);
			runOnlyForDeploymentPostprocessing = 0;
		};
		4DDF8C281F211E2E008C2135 /* Resources */ = {
			isa = PBXResourcesBuildPhase;
			buildActionMask = 2147483647;
			files = (
				4D9286BC1F3516F4001A16FC /* test_uft16le.html in Resources */,
				4D7F1DAD1F3EF59D0080660A /* article_with_images.html in Resources */,
				4D9286BB1F3516F1001A16FC /* test_uft8.html in Resources */,
			);
			runOnlyForDeploymentPostprocessing = 0;
		};
/* End PBXResourcesBuildPhase section */

/* Begin PBXSourcesBuildPhase section */
		4D3D6DA41F3EDEDA00EE40CB /* Sources */ = {
			isa = PBXSourcesBuildPhase;
			buildActionMask = 2147483647;
			files = (
				4D3D6DB31F3EDF0500EE40CB /* HTMLParserHandlers.c in Sources */,
				4D3D6DB11F3EDEFA00EE40CB /* HTMLSAXParser.swift in Sources */,
				4D3D6DB51F3EDF0A00EE40CB /* EscapeSpecialCharacters.swift in Sources */,
				4D3D6DB41F3EDF0800EE40CB /* HTMLSAXParser+libxml2.swift in Sources */,
			);
			runOnlyForDeploymentPostprocessing = 0;
		};
		4D7F1D981F3EEC790080660A /* Sources */ = {
			isa = PBXSourcesBuildPhase;
			buildActionMask = 2147483647;
			files = (
				4D7F1DA91F3EED640080660A /* HTMLParserHandlers.c in Sources */,
				4D7F1DA71F3EED5B0080660A /* HTMLSAXParser.swift in Sources */,
				4D7F1DAB1F3EED6B0080660A /* EscapeSpecialCharacters.swift in Sources */,
				4D7F1DAA1F3EED670080660A /* HTMLSAXParser+libxml2.swift in Sources */,
			);
			runOnlyForDeploymentPostprocessing = 0;
		};
		4D9BB2261F2160450010D5A8 /* Sources */ = {
			isa = PBXSourcesBuildPhase;
			buildActionMask = 2147483647;
			files = (
				4D9BB22F1F2160450010D5A8 /* ViewController.swift in Sources */,
				4D9BB22D1F2160450010D5A8 /* AppDelegate.swift in Sources */,
			);
			runOnlyForDeploymentPostprocessing = 0;
		};
		4DDF8C1C1F211E2D008C2135 /* Sources */ = {
			isa = PBXSourcesBuildPhase;
			buildActionMask = 2147483647;
			files = (
				4D77F7361F2EFEB100C29ECC /* HTMLParserHandlers.c in Sources */,
				4D9BB2251F215C5C0010D5A8 /* HTMLSAXParser+libxml2.swift in Sources */,
				4D80C5581F21C84600E2F340 /* EscapeSpecialCharacters.swift in Sources */,
				4DDF8C3C1F211F01008C2135 /* HTMLSAXParser.swift in Sources */,
			);
			runOnlyForDeploymentPostprocessing = 0;
		};
		4DDF8C261F211E2E008C2135 /* Sources */ = {
			isa = PBXSourcesBuildPhase;
			buildActionMask = 2147483647;
			files = (
				4DDF8C301F211E2E008C2135 /* HTMLParserTests.swift in Sources */,
				4D161F411F228123002573EF /* HTMLEncodeEntitiesTests.swift in Sources */,
			);
			runOnlyForDeploymentPostprocessing = 0;
		};
/* End PBXSourcesBuildPhase section */

/* Begin PBXTargetDependency section */
		4D9BB23F1F21605E0010D5A8 /* PBXTargetDependency */ = {
			isa = PBXTargetDependency;
			target = 4DDF8C201F211E2D008C2135 /* HTMLSAXParser iOS */;
			targetProxy = 4D9BB23E1F21605E0010D5A8 /* PBXContainerItemProxy */;
		};
		4DDF8C2D1F211E2E008C2135 /* PBXTargetDependency */ = {
			isa = PBXTargetDependency;
			target = 4DDF8C201F211E2D008C2135 /* HTMLSAXParser iOS */;
			targetProxy = 4DDF8C2C1F211E2E008C2135 /* PBXContainerItemProxy */;
		};
/* End PBXTargetDependency section */

/* Begin PBXVariantGroup section */
		4D9BB2301F2160450010D5A8 /* Main.storyboard */ = {
			isa = PBXVariantGroup;
			children = (
				4D9BB2311F2160450010D5A8 /* Base */,
			);
			name = Main.storyboard;
			sourceTree = "<group>";
		};
		4D9BB2351F2160450010D5A8 /* LaunchScreen.storyboard */ = {
			isa = PBXVariantGroup;
			children = (
				4D9BB2361F2160450010D5A8 /* Base */,
			);
			name = LaunchScreen.storyboard;
			sourceTree = "<group>";
		};
/* End PBXVariantGroup section */

/* Begin XCBuildConfiguration section */
		4D3D6DAF1F3EDEDA00EE40CB /* Debug */ = {
			isa = XCBuildConfiguration;
			buildSettings = {
				CODE_SIGN_IDENTITY = "-";
				COMBINE_HIDPI_IMAGES = YES;
				DEFINES_MODULE = YES;
				DYLIB_COMPATIBILITY_VERSION = 1;
				DYLIB_CURRENT_VERSION = 1;
				DYLIB_INSTALL_NAME_BASE = "@rpath";
				FRAMEWORK_VERSION = A;
				HEADER_SEARCH_PATHS = "$(SDKROOT)/usr/include/libxml2";
				INFOPLIST_FILE = HTMLSAXParser/Info_MacOS.plist;
				INSTALL_PATH = "$(LOCAL_LIBRARY_DIR)/Frameworks";
				LD_RUNPATH_SEARCH_PATHS = "$(inherited) @executable_path/../Frameworks @loader_path/Frameworks";
				MACOSX_DEPLOYMENT_TARGET = 10.9;
				PRODUCT_BUNDLE_IDENTIFIER = "com.yahoo.raymccrae.HTMLSAXParser-MacOS";
				PRODUCT_NAME = HTMLSAXParser;
				SDKROOT = macosx;
				SKIP_INSTALL = YES;
				SWIFT_INCLUDE_PATHS = "$(PROJECT_DIR)/modules/libxml2 $(PROJECT_DIR)/modules/HTMLParserC";
				SWIFT_VERSION = 4.0;
			};
			name = Debug;
		};
		4D3D6DB01F3EDEDA00EE40CB /* Release */ = {
			isa = XCBuildConfiguration;
			buildSettings = {
				CODE_SIGN_IDENTITY = "-";
				COMBINE_HIDPI_IMAGES = YES;
				DEFINES_MODULE = YES;
				DYLIB_COMPATIBILITY_VERSION = 1;
				DYLIB_CURRENT_VERSION = 1;
				DYLIB_INSTALL_NAME_BASE = "@rpath";
				FRAMEWORK_VERSION = A;
				HEADER_SEARCH_PATHS = "$(SDKROOT)/usr/include/libxml2";
				INFOPLIST_FILE = HTMLSAXParser/Info_MacOS.plist;
				INSTALL_PATH = "$(LOCAL_LIBRARY_DIR)/Frameworks";
				LD_RUNPATH_SEARCH_PATHS = "$(inherited) @executable_path/../Frameworks @loader_path/Frameworks";
				MACOSX_DEPLOYMENT_TARGET = 10.9;
				PRODUCT_BUNDLE_IDENTIFIER = "com.yahoo.raymccrae.HTMLSAXParser-MacOS";
				PRODUCT_NAME = HTMLSAXParser;
				SDKROOT = macosx;
				SKIP_INSTALL = YES;
				SWIFT_INCLUDE_PATHS = "$(PROJECT_DIR)/modules/libxml2 $(PROJECT_DIR)/modules/HTMLParserC";
				SWIFT_VERSION = 4.0;
			};
			name = Release;
		};
		4D7F1DA31F3EEC790080660A /* Debug */ = {
			isa = XCBuildConfiguration;
			buildSettings = {
				CODE_SIGN_IDENTITY = "";
				DEFINES_MODULE = YES;
				DYLIB_COMPATIBILITY_VERSION = 1;
				DYLIB_CURRENT_VERSION = 1;
				DYLIB_INSTALL_NAME_BASE = "@rpath";
				HEADER_SEARCH_PATHS = "$(SDKROOT)/usr/include/libxml2";
				INFOPLIST_FILE = HTMLSAXParser/Info_AppleTV.plist;
				INSTALL_PATH = "$(LOCAL_LIBRARY_DIR)/Frameworks";
				LD_RUNPATH_SEARCH_PATHS = "$(inherited) @executable_path/Frameworks @loader_path/Frameworks";
				PRODUCT_BUNDLE_IDENTIFIER = com.yahoo.raymccrae.HTMLSAXParser;
				PRODUCT_NAME = HTMLSAXParser;
				SDKROOT = appletvos;
				SKIP_INSTALL = YES;
				SWIFT_INCLUDE_PATHS = "$(PROJECT_DIR)/modules/libxml2 $(PROJECT_DIR)/modules/HTMLParserC";
				SWIFT_VERSION = 4.0;
				TARGETED_DEVICE_FAMILY = 3;
				TVOS_DEPLOYMENT_TARGET = 9.0;
			};
			name = Debug;
		};
		4D7F1DA41F3EEC790080660A /* Release */ = {
			isa = XCBuildConfiguration;
			buildSettings = {
				CODE_SIGN_IDENTITY = "";
				DEFINES_MODULE = YES;
				DYLIB_COMPATIBILITY_VERSION = 1;
				DYLIB_CURRENT_VERSION = 1;
				DYLIB_INSTALL_NAME_BASE = "@rpath";
				HEADER_SEARCH_PATHS = "$(SDKROOT)/usr/include/libxml2";
				INFOPLIST_FILE = HTMLSAXParser/Info_AppleTV.plist;
				INSTALL_PATH = "$(LOCAL_LIBRARY_DIR)/Frameworks";
				LD_RUNPATH_SEARCH_PATHS = "$(inherited) @executable_path/Frameworks @loader_path/Frameworks";
				PRODUCT_BUNDLE_IDENTIFIER = com.yahoo.raymccrae.HTMLSAXParser;
				PRODUCT_NAME = HTMLSAXParser;
				SDKROOT = appletvos;
				SKIP_INSTALL = YES;
				SWIFT_INCLUDE_PATHS = "$(PROJECT_DIR)/modules/libxml2 $(PROJECT_DIR)/modules/HTMLParserC";
				SWIFT_VERSION = 4.0;
				TARGETED_DEVICE_FAMILY = 3;
				TVOS_DEPLOYMENT_TARGET = 9.0;
			};
			name = Release;
		};
		4D9BB23A1F2160450010D5A8 /* Debug */ = {
			isa = XCBuildConfiguration;
			buildSettings = {
				ALWAYS_EMBED_SWIFT_STANDARD_LIBRARIES = YES;
				ASSETCATALOG_COMPILER_APPICON_NAME = AppIcon;
				HEADER_SEARCH_PATHS = "$(SDKROOT)/usr/include/libxml2";
				INFOPLIST_FILE = HTMLParserDemo/Info.plist;
				LD_RUNPATH_SEARCH_PATHS = "$(inherited) @executable_path/Frameworks";
				PRODUCT_BUNDLE_IDENTIFIER = com.yahoo.raymccrae.HTMLParserDemo;
				PRODUCT_NAME = "$(TARGET_NAME)";
				SWIFT_VERSION = 4.0;
				TARGETED_DEVICE_FAMILY = "1,2";
			};
			name = Debug;
		};
		4D9BB23B1F2160450010D5A8 /* Release */ = {
			isa = XCBuildConfiguration;
			buildSettings = {
				ALWAYS_EMBED_SWIFT_STANDARD_LIBRARIES = YES;
				ASSETCATALOG_COMPILER_APPICON_NAME = AppIcon;
				HEADER_SEARCH_PATHS = "$(SDKROOT)/usr/include/libxml2";
				INFOPLIST_FILE = HTMLParserDemo/Info.plist;
				LD_RUNPATH_SEARCH_PATHS = "$(inherited) @executable_path/Frameworks";
				PRODUCT_BUNDLE_IDENTIFIER = com.yahoo.raymccrae.HTMLParserDemo;
				PRODUCT_NAME = "$(TARGET_NAME)";
				SWIFT_VERSION = 4.0;
				TARGETED_DEVICE_FAMILY = "1,2";
			};
			name = Release;
		};
		4DDF8C331F211E2E008C2135 /* Debug */ = {
			isa = XCBuildConfiguration;
			buildSettings = {
				ALWAYS_SEARCH_USER_PATHS = NO;
				CLANG_ANALYZER_NONNULL = YES;
				CLANG_ANALYZER_NUMBER_OBJECT_CONVERSION = YES_AGGRESSIVE;
				CLANG_CXX_LANGUAGE_STANDARD = "gnu++14";
				CLANG_CXX_LIBRARY = "libc++";
				CLANG_ENABLE_MODULES = YES;
				CLANG_ENABLE_OBJC_ARC = YES;
				CLANG_WARN_BLOCK_CAPTURE_AUTORELEASING = YES;
				CLANG_WARN_BOOL_CONVERSION = YES;
				CLANG_WARN_COMMA = YES;
				CLANG_WARN_CONSTANT_CONVERSION = YES;
				CLANG_WARN_DIRECT_OBJC_ISA_USAGE = YES_ERROR;
				CLANG_WARN_DOCUMENTATION_COMMENTS = YES;
				CLANG_WARN_EMPTY_BODY = YES;
				CLANG_WARN_ENUM_CONVERSION = YES;
				CLANG_WARN_INFINITE_RECURSION = YES;
				CLANG_WARN_INT_CONVERSION = YES;
				CLANG_WARN_NON_LITERAL_NULL_CONVERSION = YES;
				CLANG_WARN_OBJC_LITERAL_CONVERSION = YES;
				CLANG_WARN_OBJC_ROOT_CLASS = YES_ERROR;
				CLANG_WARN_RANGE_LOOP_ANALYSIS = YES;
				CLANG_WARN_STRICT_PROTOTYPES = YES;
				CLANG_WARN_SUSPICIOUS_MOVE = YES;
				CLANG_WARN_UNGUARDED_AVAILABILITY = YES_AGGRESSIVE;
				CLANG_WARN_UNREACHABLE_CODE = YES;
				CLANG_WARN__DUPLICATE_METHOD_MATCH = YES;
				CODE_SIGN_IDENTITY = "iPhone Developer";
				COPY_PHASE_STRIP = NO;
				CURRENT_PROJECT_VERSION = 1;
				DEBUG_INFORMATION_FORMAT = dwarf;
				ENABLE_STRICT_OBJC_MSGSEND = YES;
				ENABLE_TESTABILITY = YES;
				GCC_C_LANGUAGE_STANDARD = gnu11;
				GCC_DYNAMIC_NO_PIC = NO;
				GCC_NO_COMMON_BLOCKS = YES;
				GCC_OPTIMIZATION_LEVEL = 0;
				GCC_PREPROCESSOR_DEFINITIONS = (
					"DEBUG=1",
					"$(inherited)",
				);
				GCC_WARN_64_TO_32_BIT_CONVERSION = YES;
				GCC_WARN_ABOUT_RETURN_TYPE = YES_ERROR;
				GCC_WARN_UNDECLARED_SELECTOR = YES;
				GCC_WARN_UNINITIALIZED_AUTOS = YES_AGGRESSIVE;
				GCC_WARN_UNUSED_FUNCTION = YES;
				GCC_WARN_UNUSED_VARIABLE = YES;
				IPHONEOS_DEPLOYMENT_TARGET = 11.0;
				MTL_ENABLE_DEBUG_INFO = YES;
				ONLY_ACTIVE_ARCH = YES;
				SDKROOT = iphoneos;
				SWIFT_ACTIVE_COMPILATION_CONDITIONS = DEBUG;
				SWIFT_OPTIMIZATION_LEVEL = "-Onone";
				VERSIONING_SYSTEM = "apple-generic";
				VERSION_INFO_PREFIX = "";
			};
			name = Debug;
		};
		4DDF8C341F211E2E008C2135 /* Release */ = {
			isa = XCBuildConfiguration;
			buildSettings = {
				ALWAYS_SEARCH_USER_PATHS = NO;
				CLANG_ANALYZER_NONNULL = YES;
				CLANG_ANALYZER_NUMBER_OBJECT_CONVERSION = YES_AGGRESSIVE;
				CLANG_CXX_LANGUAGE_STANDARD = "gnu++14";
				CLANG_CXX_LIBRARY = "libc++";
				CLANG_ENABLE_MODULES = YES;
				CLANG_ENABLE_OBJC_ARC = YES;
				CLANG_WARN_BLOCK_CAPTURE_AUTORELEASING = YES;
				CLANG_WARN_BOOL_CONVERSION = YES;
				CLANG_WARN_COMMA = YES;
				CLANG_WARN_CONSTANT_CONVERSION = YES;
				CLANG_WARN_DIRECT_OBJC_ISA_USAGE = YES_ERROR;
				CLANG_WARN_DOCUMENTATION_COMMENTS = YES;
				CLANG_WARN_EMPTY_BODY = YES;
				CLANG_WARN_ENUM_CONVERSION = YES;
				CLANG_WARN_INFINITE_RECURSION = YES;
				CLANG_WARN_INT_CONVERSION = YES;
				CLANG_WARN_NON_LITERAL_NULL_CONVERSION = YES;
				CLANG_WARN_OBJC_LITERAL_CONVERSION = YES;
				CLANG_WARN_OBJC_ROOT_CLASS = YES_ERROR;
				CLANG_WARN_RANGE_LOOP_ANALYSIS = YES;
				CLANG_WARN_STRICT_PROTOTYPES = YES;
				CLANG_WARN_SUSPICIOUS_MOVE = YES;
				CLANG_WARN_UNGUARDED_AVAILABILITY = YES_AGGRESSIVE;
				CLANG_WARN_UNREACHABLE_CODE = YES;
				CLANG_WARN__DUPLICATE_METHOD_MATCH = YES;
				CODE_SIGN_IDENTITY = "iPhone Developer";
				COPY_PHASE_STRIP = NO;
				CURRENT_PROJECT_VERSION = 1;
				DEBUG_INFORMATION_FORMAT = "dwarf-with-dsym";
				ENABLE_NS_ASSERTIONS = NO;
				ENABLE_STRICT_OBJC_MSGSEND = YES;
				GCC_C_LANGUAGE_STANDARD = gnu11;
				GCC_NO_COMMON_BLOCKS = YES;
				GCC_WARN_64_TO_32_BIT_CONVERSION = YES;
				GCC_WARN_ABOUT_RETURN_TYPE = YES_ERROR;
				GCC_WARN_UNDECLARED_SELECTOR = YES;
				GCC_WARN_UNINITIALIZED_AUTOS = YES_AGGRESSIVE;
				GCC_WARN_UNUSED_FUNCTION = YES;
				GCC_WARN_UNUSED_VARIABLE = YES;
				IPHONEOS_DEPLOYMENT_TARGET = 11.0;
				MTL_ENABLE_DEBUG_INFO = NO;
				SDKROOT = iphoneos;
				SWIFT_OPTIMIZATION_LEVEL = "-Owholemodule";
				VALIDATE_PRODUCT = YES;
				VERSIONING_SYSTEM = "apple-generic";
				VERSION_INFO_PREFIX = "";
			};
			name = Release;
		};
		4DDF8C361F211E2E008C2135 /* Debug */ = {
			isa = XCBuildConfiguration;
			buildSettings = {
				CLANG_ENABLE_MODULES = YES;
				CODE_SIGN_IDENTITY = "";
				DEFINES_MODULE = YES;
				DYLIB_COMPATIBILITY_VERSION = 1;
				DYLIB_CURRENT_VERSION = 1;
				DYLIB_INSTALL_NAME_BASE = "@rpath";
				HEADER_SEARCH_PATHS = "$(SDKROOT)/usr/include/libxml2";
				INFOPLIST_FILE = HTMLSAXParser/Info_iOS.plist;
				INSTALL_PATH = "$(LOCAL_LIBRARY_DIR)/Frameworks";
				IPHONEOS_DEPLOYMENT_TARGET = 8.0;
				LD_RUNPATH_SEARCH_PATHS = "$(inherited) @executable_path/Frameworks @loader_path/Frameworks";
				PRODUCT_BUNDLE_IDENTIFIER = com.yahoo.raymccrae.HTMLSAXParser;
				PRODUCT_NAME = HTMLSAXParser;
				SKIP_INSTALL = YES;
				SWIFT_INCLUDE_PATHS = "$(PROJECT_DIR)/modules/libxml2 $(PROJECT_DIR)/modules/HTMLParserC";
				SWIFT_OPTIMIZATION_LEVEL = "-Onone";
				SWIFT_VERSION = 4.0;
				TARGETED_DEVICE_FAMILY = "1,2";
			};
			name = Debug;
		};
		4DDF8C371F211E2E008C2135 /* Release */ = {
			isa = XCBuildConfiguration;
			buildSettings = {
				CLANG_ENABLE_MODULES = YES;
				CODE_SIGN_IDENTITY = "";
				DEFINES_MODULE = YES;
				DYLIB_COMPATIBILITY_VERSION = 1;
				DYLIB_CURRENT_VERSION = 1;
				DYLIB_INSTALL_NAME_BASE = "@rpath";
				HEADER_SEARCH_PATHS = "$(SDKROOT)/usr/include/libxml2";
				INFOPLIST_FILE = HTMLSAXParser/Info_iOS.plist;
				INSTALL_PATH = "$(LOCAL_LIBRARY_DIR)/Frameworks";
				IPHONEOS_DEPLOYMENT_TARGET = 8.0;
				LD_RUNPATH_SEARCH_PATHS = "$(inherited) @executable_path/Frameworks @loader_path/Frameworks";
				PRODUCT_BUNDLE_IDENTIFIER = com.yahoo.raymccrae.HTMLSAXParser;
				PRODUCT_NAME = HTMLSAXParser;
				SKIP_INSTALL = YES;
				SWIFT_INCLUDE_PATHS = "$(PROJECT_DIR)/modules/libxml2 $(PROJECT_DIR)/modules/HTMLParserC";
				SWIFT_VERSION = 4.0;
				TARGETED_DEVICE_FAMILY = "1,2";
			};
			name = Release;
		};
		4DDF8C391F211E2E008C2135 /* Debug */ = {
			isa = XCBuildConfiguration;
			buildSettings = {
				ALWAYS_EMBED_SWIFT_STANDARD_LIBRARIES = YES;
				HEADER_SEARCH_PATHS = "$(SDKROOT)/usr/include/libxml2";
				INFOPLIST_FILE = HTMLSAXParserTests/Info.plist;
				LD_RUNPATH_SEARCH_PATHS = "$(inherited) @executable_path/Frameworks @loader_path/Frameworks";
				PRODUCT_BUNDLE_IDENTIFIER = com.yahoo.raymccrae.HTMLParserTests;
				PRODUCT_NAME = "$(TARGET_NAME)";
				SWIFT_VERSION = 4.0;
				TARGETED_DEVICE_FAMILY = "1,2";
			};
			name = Debug;
		};
		4DDF8C3A1F211E2E008C2135 /* Release */ = {
			isa = XCBuildConfiguration;
			buildSettings = {
				ALWAYS_EMBED_SWIFT_STANDARD_LIBRARIES = YES;
				HEADER_SEARCH_PATHS = "$(SDKROOT)/usr/include/libxml2";
				INFOPLIST_FILE = HTMLSAXParserTests/Info.plist;
				LD_RUNPATH_SEARCH_PATHS = "$(inherited) @executable_path/Frameworks @loader_path/Frameworks";
				PRODUCT_BUNDLE_IDENTIFIER = com.yahoo.raymccrae.HTMLParserTests;
				PRODUCT_NAME = "$(TARGET_NAME)";
				SWIFT_VERSION = 4.0;
				TARGETED_DEVICE_FAMILY = "1,2";
			};
			name = Release;
		};
/* End XCBuildConfiguration section */

/* Begin XCConfigurationList section */
		4D3D6DAE1F3EDEDA00EE40CB /* Build configuration list for PBXNativeTarget "HTMLSAXParser MacOS" */ = {
			isa = XCConfigurationList;
			buildConfigurations = (
				4D3D6DAF1F3EDEDA00EE40CB /* Debug */,
				4D3D6DB01F3EDEDA00EE40CB /* Release */,
			);
			defaultConfigurationIsVisible = 0;
			defaultConfigurationName = Release;
		};
		4D7F1DA21F3EEC790080660A /* Build configuration list for PBXNativeTarget "HTMLSAXParser AppleTV" */ = {
			isa = XCConfigurationList;
			buildConfigurations = (
				4D7F1DA31F3EEC790080660A /* Debug */,
				4D7F1DA41F3EEC790080660A /* Release */,
			);
			defaultConfigurationIsVisible = 0;
			defaultConfigurationName = Release;
		};
		4D9BB2391F2160450010D5A8 /* Build configuration list for PBXNativeTarget "HTMLParserDemo" */ = {
			isa = XCConfigurationList;
			buildConfigurations = (
				4D9BB23A1F2160450010D5A8 /* Debug */,
				4D9BB23B1F2160450010D5A8 /* Release */,
			);
			defaultConfigurationIsVisible = 0;
			defaultConfigurationName = Release;
		};
		4DDF8C1B1F211E2D008C2135 /* Build configuration list for PBXProject "HTMLSAXParser" */ = {
			isa = XCConfigurationList;
			buildConfigurations = (
				4DDF8C331F211E2E008C2135 /* Debug */,
				4DDF8C341F211E2E008C2135 /* Release */,
			);
			defaultConfigurationIsVisible = 0;
			defaultConfigurationName = Release;
		};
		4DDF8C351F211E2E008C2135 /* Build configuration list for PBXNativeTarget "HTMLSAXParser iOS" */ = {
			isa = XCConfigurationList;
			buildConfigurations = (
				4DDF8C361F211E2E008C2135 /* Debug */,
				4DDF8C371F211E2E008C2135 /* Release */,
			);
			defaultConfigurationIsVisible = 0;
			defaultConfigurationName = Release;
		};
		4DDF8C381F211E2E008C2135 /* Build configuration list for PBXNativeTarget "HTMLSAXParserTests" */ = {
			isa = XCConfigurationList;
			buildConfigurations = (
				4DDF8C391F211E2E008C2135 /* Debug */,
				4DDF8C3A1F211E2E008C2135 /* Release */,
			);
			defaultConfigurationIsVisible = 0;
			defaultConfigurationName = Release;
		};
/* End XCConfigurationList section */
	};
	rootObject = 4DDF8C181F211E2D008C2135 /* Project object */;
}
